
Microsoft Visual Studio Solution File, Format Version 12.00
# Visual Studio 15
VisualStudioVersion = 15.0.26127.3
MinimumVisualStudioVersion = 10.0.40219.1
Project("{FAE04EC0-301F-11D3-BF4B-00C04F79EFBC}") = "CodeConverter.Common", "CodeConverter.Common\CodeConverter.Common.csproj", "{A9402DEA-CF3F-4C54-A832-1AA7C3919DBC}"
EndProject
Project("{FAE04EC0-301F-11D3-BF4B-00C04F79EFBC}") = "CodeConverter.CSharp", "CodeConverter.CSharp\CodeConverter.CSharp.csproj", "{7DFB6E15-D9EC-47C5-903B-67F3ED9C604C}"
EndProject
Project("{FAE04EC0-301F-11D3-BF4B-00C04F79EFBC}") = "CodeConverter.CSharp.Test", "CodeConverter.CSharp.Test\CodeConverter.CSharp.Test.csproj", "{928A1C1F-C0B7-4436-8AEB-D411CC261F38}"
EndProject
Project("{FAE04EC0-301F-11D3-BF4B-00C04F79EFBC}") = "CodeConverter.PowerShell", "CodeConverter.PowerShell\CodeConverter.PowerShell.csproj", "{6285E8F3-743B-4292-8818-9F75D48CAD25}"
EndProject
Project("{FAE04EC0-301F-11D3-BF4B-00C04F79EFBC}") = "CodeConverter.PowerShell.Test", "CodeConverter.PowerShell.Test\CodeConverter.PowerShell.Test.csproj", "{CD2F462A-D24B-4324-B0AD-BEDC8E270A8D}"
EndProject
Project("{FAE04EC0-301F-11D3-BF4B-00C04F79EFBC}") = "CodeConverter.Test", "CodeConverter.Test\CodeConverter.Test.csproj", "{CC0B0FC4-2051-4AE4-A0DF-AF5DBB0AC817}"
EndProject
Global
	GlobalSection(SolutionConfigurationPlatforms) = preSolution
		Debug|Any CPU = Debug|Any CPU
		Release|Any CPU = Release|Any CPU
	EndGlobalSection
	GlobalSection(ProjectConfigurationPlatforms) = postSolution
		{A9402DEA-CF3F-4C54-A832-1AA7C3919DBC}.Debug|Any CPU.ActiveCfg = Debug|Any CPU
		{A9402DEA-CF3F-4C54-A832-1AA7C3919DBC}.Debug|Any CPU.Build.0 = Debug|Any CPU
		{A9402DEA-CF3F-4C54-A832-1AA7C3919DBC}.Release|Any CPU.ActiveCfg = Release|Any CPU
		{A9402DEA-CF3F-4C54-A832-1AA7C3919DBC}.Release|Any CPU.Build.0 = Release|Any CPU
		{7DFB6E15-D9EC-47C5-903B-67F3ED9C604C}.Debug|Any CPU.ActiveCfg = Debug|Any CPU
		{7DFB6E15-D9EC-47C5-903B-67F3ED9C604C}.Debug|Any CPU.Build.0 = Debug|Any CPU
		{7DFB6E15-D9EC-47C5-903B-67F3ED9C604C}.Release|Any CPU.ActiveCfg = Release|Any CPU
		{7DFB6E15-D9EC-47C5-903B-67F3ED9C604C}.Release|Any CPU.Build.0 = Release|Any CPU
		{928A1C1F-C0B7-4436-8AEB-D411CC261F38}.Debug|Any CPU.ActiveCfg = Debug|Any CPU
		{928A1C1F-C0B7-4436-8AEB-D411CC261F38}.Debug|Any CPU.Build.0 = Debug|Any CPU
		{928A1C1F-C0B7-4436-8AEB-D411CC261F38}.Release|Any CPU.ActiveCfg = Release|Any CPU
		{928A1C1F-C0B7-4436-8AEB-D411CC261F38}.Release|Any CPU.Build.0 = Release|Any CPU
		{6285E8F3-743B-4292-8818-9F75D48CAD25}.Debug|Any CPU.ActiveCfg = Debug|Any CPU
		{6285E8F3-743B-4292-8818-9F75D48CAD25}.Debug|Any CPU.Build.0 = Debug|Any CPU
		{6285E8F3-743B-4292-8818-9F75D48CAD25}.Release|Any CPU.ActiveCfg = Release|Any CPU
		{6285E8F3-743B-4292-8818-9F75D48CAD25}.Release|Any CPU.Build.0 = Release|Any CPU
		{CD2F462A-D24B-4324-B0AD-BEDC8E270A8D}.Debug|Any CPU.ActiveCfg = Debug|Any CPU
		{CD2F462A-D24B-4324-B0AD-BEDC8E270A8D}.Debug|Any CPU.Build.0 = Debug|Any CPU
		{CD2F462A-D24B-4324-B0AD-BEDC8E270A8D}.Release|Any CPU.ActiveCfg = Release|Any CPU
		{CD2F462A-D24B-4324-B0AD-BEDC8E270A8D}.Release|Any CPU.Build.0 = Release|Any CPU
		{CC0B0FC4-2051-4AE4-A0DF-AF5DBB0AC817}.Debug|Any CPU.ActiveCfg = Debug|Any CPU
		{CC0B0FC4-2051-4AE4-A0DF-AF5DBB0AC817}.Debug|Any CPU.Build.0 = Debug|Any CPU
		{CC0B0FC4-2051-4AE4-A0DF-AF5DBB0AC817}.Release|Any CPU.ActiveCfg = Release|Any CPU
		{CC0B0FC4-2051-4AE4-A0DF-AF5DBB0AC817}.Release|Any CPU.Build.0 = Release|Any CPU
	EndGlobalSection
	GlobalSection(SolutionProperties) = preSolution
		HideSolutionNode = FALSE
	EndGlobalSection
EndGlobal
